
Microsoft Visual Studio Solution File, Format Version 12.00
# Visual Studio Version 17
VisualStudioVersion = 17.14.36429.23
MinimumVisualStudioVersion = 10.0.40219.1
Project("{FAE04EC0-301F-11D3-BF4B-00C04F79EFBC}") = "SimpleStoreWebApp", "SimpleStoreWebApp\SimpleStoreWebApp.csproj", "{E82BAC87-1BCD-421F-9995-3EA470B19223}"
EndProject
Project("{FAE04EC0-301F-11D3-BF4B-00C04F79EFBC}") = "SimpleStoreAPI", "SimpleStoreAPI\SimpleStoreAPI.csproj", "{B5D22130-3B0F-41EA-8583-6E77993FFC92}"
EndProject
Project("{FAE04EC0-301F-11D3-BF4B-00C04F79EFBC}") = "SimpleStoreAspireApp.AppHost", "SimpleStoreAspireApp\SimpleStoreAspireApp.AppHost\SimpleStoreAspireApp.AppHost.csproj", "{2BA22C11-4697-4CAC-9946-4937DF768C06}"
EndProject
Project("{FAE04EC0-301F-11D3-BF4B-00C04F79EFBC}") = "SimpleStoreAspireApp.ServiceDefaults", "SimpleStoreAspireApp\SimpleStoreAspireApp.ServiceDefaults\SimpleStoreAspireApp.ServiceDefaults.csproj", "{5A6A267B-DEEF-2BE1-9D6E-9C7B3F2F1261}"
EndProject
Global
	GlobalSection(SolutionConfigurationPlatforms) = preSolution
		Debug|Any CPU = Debug|Any CPU
		Release|Any CPU = Release|Any CPU
	EndGlobalSection
	GlobalSection(ProjectConfigurationPlatforms) = postSolution
		{E82BAC87-1BCD-421F-9995-3EA470B19223}.Debug|Any CPU.ActiveCfg = Debug|Any CPU
		{E82BAC87-1BCD-421F-9995-3EA470B19223}.Debug|Any CPU.Build.0 = Debug|Any CPU
		{E82BAC87-1BCD-421F-9995-3EA470B19223}.Release|Any CPU.ActiveCfg = Release|Any CPU
		{E82BAC87-1BCD-421F-9995-3EA470B19223}.Release|Any CPU.Build.0 = Release|Any CPU
		{B5D22130-3B0F-41EA-8583-6E77993FFC92}.Debug|Any CPU.ActiveCfg = Debug|Any CPU
		{B5D22130-3B0F-41EA-8583-6E77993FFC92}.Debug|Any CPU.Build.0 = Debug|Any CPU
		{B5D22130-3B0F-41EA-8583-6E77993FFC92}.Release|Any CPU.ActiveCfg = Release|Any CPU
		{B5D22130-3B0F-41EA-8583-6E77993FFC92}.Release|Any CPU.Build.0 = Release|Any CPU
		{2BA22C11-4697-4CAC-9946-4937DF768C06}.Debug|Any CPU.ActiveCfg = Debug|Any CPU
		{2BA22C11-4697-4CAC-9946-4937DF768C06}.Debug|Any CPU.Build.0 = Debug|Any CPU
		{2BA22C11-4697-4CAC-9946-4937DF768C06}.Release|Any CPU.ActiveCfg = Release|Any CPU
		{2BA22C11-4697-4CAC-9946-4937DF768C06}.Release|Any CPU.Build.0 = Release|Any CPU
		{5A6A267B-DEEF-2BE1-9D6E-9C7B3F2F1261}.Debug|Any CPU.ActiveCfg = Debug|Any CPU
		{5A6A267B-DEEF-2BE1-9D6E-9C7B3F2F1261}.Debug|Any CPU.Build.0 = Debug|Any CPU
		{5A6A267B-DEEF-2BE1-9D6E-9C7B3F2F1261}.Release|Any CPU.ActiveCfg = Release|Any CPU
		{5A6A267B-DEEF-2BE1-9D6E-9C7B3F2F1261}.Release|Any CPU.Build.0 = Release|Any CPU
	EndGlobalSection
	GlobalSection(SolutionProperties) = preSolution
		HideSolutionNode = FALSE
	EndGlobalSection
	GlobalSection(ExtensibilityGlobals) = postSolution
		SolutionGuid = {7D020850-40D6-4B6A-BC19-B95A1E1841E5}
	EndGlobalSection
EndGlobal
